
Microsoft Visual Studio Solution File, Format Version 12.00
# Visual Studio Version 17
VisualStudioVersion = 17.6.33815.320
MinimumVisualStudioVersion = 10.0.40219.1
Project("{9A19103F-16F7-4668-BE54-9A1E7A4F7556}") = "LetsEncrypt", "LetsEncrypt\LetsEncrypt.csproj", "{7DE431E5-889C-434E-AD02-9F89D7A0ED27}"
EndProject
Project("{9A19103F-16F7-4668-BE54-9A1E7A4F7556}") = "LetsEncryptConsole", "LetsEncryptConsole\LetsEncryptConsole.csproj", "{2E4BE41E-E442-4CB8-824E-9888FFAA1BEF}"
EndProject
Project("{9A19103F-16F7-4668-BE54-9A1E7A4F7556}") = "Core", "Core\Core.csproj", "{27A58A5F-B52A-44F2-9639-84C6F02EA75D}"
EndProject
Project("{9A19103F-16F7-4668-BE54-9A1E7A4F7556}") = "SSHProvider", "SSHProvider\SSHProvider.csproj", "{B6556305-D728-4368-A22C-93079C236808}"
EndProject
Project("{2150E333-8FDC-42A3-9474-1A3956D46DE8}") = "Tests", "Tests", "{3374FDB1-C95E-4103-8E14-5BBF0BDC4E9D}"
EndProject
Project("{9A19103F-16F7-4668-BE54-9A1E7A4F7556}") = "SSHProviderTests", "Tests\SSHSerivceTests\SSHProviderTests.csproj", "{3937760A-FFB3-4A8C-ABD1-CDDCE1D977C4}"
EndProject
Project("{9A19103F-16F7-4668-BE54-9A1E7A4F7556}") = "LetsEncryptServer", "LetsEncryptServer\LetsEncryptServer.csproj", "{B5F39E04-C2E3-49BF-82C2-9DEBAA949E3D}"
EndProject
Project("{E53339B2-1760-4266-BCC7-CA923CBCF16C}") = "docker-compose", "docker-compose.dcproj", "{0233E43F-435D-4309-B20C-ECD4BFBD2E63}"
EndProject
Project("{9A19103F-16F7-4668-BE54-9A1E7A4F7556}") = "Agent", "Agent\Agent.csproj", "{871BDED3-C6AE-437D-9B45-3AA3F184D002}"
EndProject
Project("{FAE04EC0-301F-11D3-BF4B-00C04F79EFBC}") = "Models", "Models\Models.csproj", "{6814169B-D4D0-40B2-9FA9-89997DD44C30}"
EndProject
Global
	GlobalSection(SolutionConfigurationPlatforms) = preSolution
		Debug|Any CPU = Debug|Any CPU
		Release|Any CPU = Release|Any CPU
	EndGlobalSection
	GlobalSection(ProjectConfigurationPlatforms) = postSolution
		{7DE431E5-889C-434E-AD02-9F89D7A0ED27}.Debug|Any CPU.ActiveCfg = Debug|Any CPU
		{7DE431E5-889C-434E-AD02-9F89D7A0ED27}.Debug|Any CPU.Build.0 = Debug|Any CPU
		{7DE431E5-889C-434E-AD02-9F89D7A0ED27}.Release|Any CPU.ActiveCfg = Release|Any CPU
		{7DE431E5-889C-434E-AD02-9F89D7A0ED27}.Release|Any CPU.Build.0 = Release|Any CPU
		{2E4BE41E-E442-4CB8-824E-9888FFAA1BEF}.Debug|Any CPU.ActiveCfg = Debug|Any CPU
		{2E4BE41E-E442-4CB8-824E-9888FFAA1BEF}.Debug|Any CPU.Build.0 = Debug|Any CPU
		{2E4BE41E-E442-4CB8-824E-9888FFAA1BEF}.Release|Any CPU.ActiveCfg = Release|Any CPU
		{2E4BE41E-E442-4CB8-824E-9888FFAA1BEF}.Release|Any CPU.Build.0 = Release|Any CPU
		{27A58A5F-B52A-44F2-9639-84C6F02EA75D}.Debug|Any CPU.ActiveCfg = Debug|Any CPU
		{27A58A5F-B52A-44F2-9639-84C6F02EA75D}.Debug|Any CPU.Build.0 = Debug|Any CPU
		{27A58A5F-B52A-44F2-9639-84C6F02EA75D}.Release|Any CPU.ActiveCfg = Release|Any CPU
		{27A58A5F-B52A-44F2-9639-84C6F02EA75D}.Release|Any CPU.Build.0 = Release|Any CPU
		{B6556305-D728-4368-A22C-93079C236808}.Debug|Any CPU.ActiveCfg = Debug|Any CPU
		{B6556305-D728-4368-A22C-93079C236808}.Debug|Any CPU.Build.0 = Debug|Any CPU
		{B6556305-D728-4368-A22C-93079C236808}.Release|Any CPU.ActiveCfg = Release|Any CPU
		{B6556305-D728-4368-A22C-93079C236808}.Release|Any CPU.Build.0 = Release|Any CPU
		{3937760A-FFB3-4A8C-ABD1-CDDCE1D977C4}.Debug|Any CPU.ActiveCfg = Debug|Any CPU
		{3937760A-FFB3-4A8C-ABD1-CDDCE1D977C4}.Debug|Any CPU.Build.0 = Debug|Any CPU
		{3937760A-FFB3-4A8C-ABD1-CDDCE1D977C4}.Release|Any CPU.ActiveCfg = Release|Any CPU
		{3937760A-FFB3-4A8C-ABD1-CDDCE1D977C4}.Release|Any CPU.Build.0 = Release|Any CPU
		{B5F39E04-C2E3-49BF-82C2-9DEBAA949E3D}.Debug|Any CPU.ActiveCfg = Debug|Any CPU
		{B5F39E04-C2E3-49BF-82C2-9DEBAA949E3D}.Debug|Any CPU.Build.0 = Debug|Any CPU
		{B5F39E04-C2E3-49BF-82C2-9DEBAA949E3D}.Release|Any CPU.ActiveCfg = Release|Any CPU
		{B5F39E04-C2E3-49BF-82C2-9DEBAA949E3D}.Release|Any CPU.Build.0 = Release|Any CPU
		{0233E43F-435D-4309-B20C-ECD4BFBD2E63}.Debug|Any CPU.ActiveCfg = Debug|Any CPU
		{0233E43F-435D-4309-B20C-ECD4BFBD2E63}.Debug|Any CPU.Build.0 = Debug|Any CPU
		{0233E43F-435D-4309-B20C-ECD4BFBD2E63}.Release|Any CPU.ActiveCfg = Release|Any CPU
		{0233E43F-435D-4309-B20C-ECD4BFBD2E63}.Release|Any CPU.Build.0 = Release|Any CPU
		{871BDED3-C6AE-437D-9B45-3AA3F184D002}.Debug|Any CPU.ActiveCfg = Debug|Any CPU
		{871BDED3-C6AE-437D-9B45-3AA3F184D002}.Debug|Any CPU.Build.0 = Debug|Any CPU
		{871BDED3-C6AE-437D-9B45-3AA3F184D002}.Release|Any CPU.ActiveCfg = Release|Any CPU
		{871BDED3-C6AE-437D-9B45-3AA3F184D002}.Release|Any CPU.Build.0 = Release|Any CPU
		{6814169B-D4D0-40B2-9FA9-89997DD44C30}.Debug|Any CPU.ActiveCfg = Debug|Any CPU
		{6814169B-D4D0-40B2-9FA9-89997DD44C30}.Debug|Any CPU.Build.0 = Debug|Any CPU
		{6814169B-D4D0-40B2-9FA9-89997DD44C30}.Release|Any CPU.ActiveCfg = Release|Any CPU
		{6814169B-D4D0-40B2-9FA9-89997DD44C30}.Release|Any CPU.Build.0 = Release|Any CPU
	EndGlobalSection
	GlobalSection(SolutionProperties) = preSolution
		HideSolutionNode = FALSE
	EndGlobalSection
	GlobalSection(NestedProjects) = preSolution
		{3937760A-FFB3-4A8C-ABD1-CDDCE1D977C4} = {3374FDB1-C95E-4103-8E14-5BBF0BDC4E9D}
	EndGlobalSection
	GlobalSection(ExtensibilityGlobals) = postSolution
		SolutionGuid = {B78BD325-B2C1-456C-8EA8-42F9B89E0351}
	EndGlobalSection
EndGlobal
